
Microsoft Visual Studio Solution File, Format Version 12.00
# Visual Studio Version 16
VisualStudioVersion = 16.0.31129.286
MinimumVisualStudioVersion = 10.0.40219.1
Project("{FAE04EC0-301F-11D3-BF4B-00C04F79EFBC}") = "DkPocalypse", "DkPocalypse.csproj", "{8180830D-6DF9-44AA-A45A-B96B1A781FA2}"
EndProject
Global
	GlobalSection(SolutionConfigurationPlatforms) = preSolution
		Debug|Any CPU = Debug|Any CPU
		Release|Any CPU = Release|Any CPU
	EndGlobalSection
	GlobalSection(ProjectConfigurationPlatforms) = postSolution
		{8180830D-6DF9-44AA-A45A-B96B1A781FA2}.Debug|Any CPU.ActiveCfg = Debug|Any CPU
		{8180830D-6DF9-44AA-A45A-B96B1A781FA2}.Debug|Any CPU.Build.0 = Debug|Any CPU
		{8180830D-6DF9-44AA-A45A-B96B1A781FA2}.Release|Any CPU.ActiveCfg = Release|Any CPU
		{8180830D-6DF9-44AA-A45A-B96B1A781FA2}.Release|Any CPU.Build.0 = Release|Any CPU
	EndGlobalSection
	GlobalSection(SolutionProperties) = preSolution
		HideSolutionNode = FALSE
	EndGlobalSection
	GlobalSection(ExtensibilityGlobals) = postSolution
		SolutionGuid = {115B12D8-B69C-435C-8544-9E2D30775DCC}
	EndGlobalSection
EndGlobal
